
Microsoft Visual Studio Solution File, Format Version 12.00
# Visual Studio Version 17
VisualStudioVersion = 17.12.35527.113
MinimumVisualStudioVersion = 10.0.40219.1
Project("{FAE04EC0-301F-11D3-BF4B-00C04F79EFBC}") = "DPSPanel", "DPSPanel.csproj", "{592160F1-B03C-432E-A3E6-43CE2FF15079}"
EndProject
Project("{FAE04EC0-301F-11D3-BF4B-00C04F79EFBC}") = "Testing", "..\Testing\Testing.csproj", "{20AA54E4-EE0A-4B93-B7B1-456E6EDAFCCC}"
EndProject
Global
	GlobalSection(SolutionConfigurationPlatforms) = preSolution
		Debug|Any CPU = Debug|Any CPU
		Release|Any CPU = Release|Any CPU
		Testing|Any CPU = Testing|Any CPU
	EndGlobalSection
	GlobalSection(ProjectConfigurationPlatforms) = postSolution
		{592160F1-B03C-432E-A3E6-43CE2FF15079}.Debug|Any CPU.ActiveCfg = Debug|Any CPU
		{592160F1-B03C-432E-A3E6-43CE2FF15079}.Debug|Any CPU.Build.0 = Debug|Any CPU
		{592160F1-B03C-432E-A3E6-43CE2FF15079}.Release|Any CPU.ActiveCfg = Release|Any CPU
		{592160F1-B03C-432E-A3E6-43CE2FF15079}.Release|Any CPU.Build.0 = Release|Any CPU
		{592160F1-B03C-432E-A3E6-43CE2FF15079}.Testing|Any CPU.ActiveCfg = Release|Any CPU
		{592160F1-B03C-432E-A3E6-43CE2FF15079}.Testing|Any CPU.Build.0 = Release|Any CPU
		{20AA54E4-EE0A-4B93-B7B1-456E6EDAFCCC}.Debug|Any CPU.ActiveCfg = Debug|Any CPU
		{20AA54E4-EE0A-4B93-B7B1-456E6EDAFCCC}.Debug|Any CPU.Build.0 = Debug|Any CPU
		{20AA54E4-EE0A-4B93-B7B1-456E6EDAFCCC}.Release|Any CPU.ActiveCfg = Release|Any CPU
		{20AA54E4-EE0A-4B93-B7B1-456E6EDAFCCC}.Release|Any CPU.Build.0 = Release|Any CPU
		{20AA54E4-EE0A-4B93-B7B1-456E6EDAFCCC}.Testing|Any CPU.ActiveCfg = Testing|Any CPU
		{20AA54E4-EE0A-4B93-B7B1-456E6EDAFCCC}.Testing|Any CPU.Build.0 = Testing|Any CPU
	EndGlobalSection
	GlobalSection(SolutionProperties) = preSolution
		HideSolutionNode = FALSE
	EndGlobalSection
EndGlobal
